// !$*UTF8*$!
{
	archiveVersion = 1;
	classes = {
	};
	objectVersion = 56;
	objects = {

/* Begin PBXBuildFile section */
		BE2505762ABB42BE003DB00E /* FeedLoaderCacheDecoratorTests.swift in Sources */ = {isa = PBXBuildFile; fileRef = BE2505752ABB42BE003DB00E /* FeedLoaderCacheDecoratorTests.swift */; };
		BE2505792ABB43CD003DB00E /* XCTestCase+FeedLoader.swift in Sources */ = {isa = PBXBuildFile; fileRef = BE2505782ABB43CD003DB00E /* XCTestCase+FeedLoader.swift */; };
		BE25057D2ABB477B003DB00E /* FeedLoaderCacheDecorator.swift in Sources */ = {isa = PBXBuildFile; fileRef = BE25057C2ABB477B003DB00E /* FeedLoaderCacheDecorator.swift */; };
		BE25057F2ABB4842003DB00E /* FeedImageLoaderCacheDecoratorTests.swift in Sources */ = {isa = PBXBuildFile; fileRef = BE25057E2ABB4842003DB00E /* FeedImageLoaderCacheDecoratorTests.swift */; };
		BE2505812ABB4929003DB00E /* XCTestCase+FeedImageDataLoader.swift in Sources */ = {isa = PBXBuildFile; fileRef = BE2505802ABB4929003DB00E /* XCTestCase+FeedImageDataLoader.swift */; };
		BE2505852ABB4B5D003DB00E /* FeedImageDataLoaderCacheDecorator.swift in Sources */ = {isa = PBXBuildFile; fileRef = BE2505842ABB4B5D003DB00E /* FeedImageDataLoaderCacheDecorator.swift */; };
		BE97FC892AB8915500292A64 /* AppDelegate.swift in Sources */ = {isa = PBXBuildFile; fileRef = BE97FC882AB8915500292A64 /* AppDelegate.swift */; };
		BE97FC8B2AB8915500292A64 /* SceneDelegate.swift in Sources */ = {isa = PBXBuildFile; fileRef = BE97FC8A2AB8915500292A64 /* SceneDelegate.swift */; };
		BE97FC922AB8915600292A64 /* Assets.xcassets in Resources */ = {isa = PBXBuildFile; fileRef = BE97FC912AB8915600292A64 /* Assets.xcassets */; };
		BE97FC952AB8915600292A64 /* LaunchScreen.storyboard in Resources */ = {isa = PBXBuildFile; fileRef = BE97FC932AB8915600292A64 /* LaunchScreen.storyboard */; };
		BE97FCA02AB8915700292A64 /* FeedLoaderWithFallbackCompositeTests.swift in Sources */ = {isa = PBXBuildFile; fileRef = BE97FC9F2AB8915700292A64 /* FeedLoaderWithFallbackCompositeTests.swift */; };
		BE97FD3D2AB8A12E00292A64 /* EssentialFeed.framework in Frameworks */ = {isa = PBXBuildFile; fileRef = BE97FD3B2AB8A12E00292A64 /* EssentialFeed.framework */; };
		BE97FD3E2AB8A12E00292A64 /* EssentialFeed.framework in Embed Frameworks */ = {isa = PBXBuildFile; fileRef = BE97FD3B2AB8A12E00292A64 /* EssentialFeed.framework */; settings = {ATTRIBUTES = (CodeSignOnCopy, RemoveHeadersOnCopy, ); }; };
		BE97FD3F2AB8A12E00292A64 /* EssentialFeediOS.framework in Frameworks */ = {isa = PBXBuildFile; fileRef = BE97FD3C2AB8A12E00292A64 /* EssentialFeediOS.framework */; };
		BE97FD402AB8A12E00292A64 /* EssentialFeediOS.framework in Embed Frameworks */ = {isa = PBXBuildFile; fileRef = BE97FD3C2AB8A12E00292A64 /* EssentialFeediOS.framework */; settings = {ATTRIBUTES = (CodeSignOnCopy, RemoveHeadersOnCopy, ); }; };
		BE97FD432AB8B0A600292A64 /* FeedLoaderWithFallbackComposite.swift in Sources */ = {isa = PBXBuildFile; fileRef = BE97FD422AB8B0A600292A64 /* FeedLoaderWithFallbackComposite.swift */; };
		BE97FD452AB8B15200292A64 /* FeedImageDataLoaderWithFallbackCompositeTests.swift in Sources */ = {isa = PBXBuildFile; fileRef = BE97FD442AB8B15200292A64 /* FeedImageDataLoaderWithFallbackCompositeTests.swift */; };
		BE97FD472AB8B68200292A64 /* FeedImageDataLoaderWithFallbackComposite.swift in Sources */ = {isa = PBXBuildFile; fileRef = BE97FD462AB8B68200292A64 /* FeedImageDataLoaderWithFallbackComposite.swift */; };
		BEE999452ABDDD530052B8CD /* SceneDelegateTests.swift in Sources */ = {isa = PBXBuildFile; fileRef = BEE999442ABDDD530052B8CD /* SceneDelegateTests.swift */; };
		BEE9994E2ABDDE810052B8CD /* MainQueueDispatchDecorator.swift in Sources */ = {isa = PBXBuildFile; fileRef = BEE9994C2ABDDE810052B8CD /* MainQueueDispatchDecorator.swift */; };
		BEE9994F2ABDDE810052B8CD /* FeedUIComposer.swift in Sources */ = {isa = PBXBuildFile; fileRef = BEE9994D2ABDDE810052B8CD /* FeedUIComposer.swift */; };
		BEE999522ABDE0670052B8CD /* FeedUIIntegrationTests.swift in Sources */ = {isa = PBXBuildFile; fileRef = BEE999512ABDE0670052B8CD /* FeedUIIntegrationTests.swift */; };
		BEE999542ABDE06B0052B8CD /* FeedViewControllerTests+Localized.swift in Sources */ = {isa = PBXBuildFile; fileRef = BEE999532ABDE06B0052B8CD /* FeedViewControllerTests+Localized.swift */; };
		BEE999562ABDE2E70052B8CD /* FeedAcceptanceTests.swift in Sources */ = {isa = PBXBuildFile; fileRef = BEE999552ABDE2E70052B8CD /* FeedAcceptanceTests.swift */; };
		BEE999582ABDE3930052B8CD /* FeedViewController+Helpers.swift in Sources */ = {isa = PBXBuildFile; fileRef = BEE999572ABDE3930052B8CD /* FeedViewController+Helpers.swift */; };
		BEE9995B2ABDEACD0052B8CD /* FeedSnapshotTests.swift in Sources */ = {isa = PBXBuildFile; fileRef = BEE999592ABDEACA0052B8CD /* FeedSnapshotTests.swift */; };
		BEEE13582ABE1247000F4068 /* FEED_WITH_ERROR_MESSAGE_dark.png in Resources */ = {isa = PBXBuildFile; fileRef = BEEE13502ABE1247000F4068 /* FEED_WITH_ERROR_MESSAGE_dark.png */; };
		BEEE13592ABE1247000F4068 /* FEED_WITH_FAILED_IMAGE_LOADING_dark.png in Resources */ = {isa = PBXBuildFile; fileRef = BEEE13512ABE1247000F4068 /* FEED_WITH_FAILED_IMAGE_LOADING_dark.png */; };
		BEEE135A2ABE1247000F4068 /* FEED_WITH_CONTENT_dark.png in Resources */ = {isa = PBXBuildFile; fileRef = BEEE13522ABE1247000F4068 /* FEED_WITH_CONTENT_dark.png */; };
		BEEE135B2ABE1247000F4068 /* EMPTY_FEED_light.png in Resources */ = {isa = PBXBuildFile; fileRef = BEEE13532ABE1247000F4068 /* EMPTY_FEED_light.png */; };
		BEEE135C2ABE1247000F4068 /* FEED_WITH_CONTENT_light.png in Resources */ = {isa = PBXBuildFile; fileRef = BEEE13542ABE1247000F4068 /* FEED_WITH_CONTENT_light.png */; };
		BEEE135D2ABE1247000F4068 /* FEED_WITH_FAILED_IMAGE_LOADING_light.png in Resources */ = {isa = PBXBuildFile; fileRef = BEEE13552ABE1247000F4068 /* FEED_WITH_FAILED_IMAGE_LOADING_light.png */; };
		BEEE135E2ABE1247000F4068 /* FEED_WITH_ERROR_MESSAGE_light.png in Resources */ = {isa = PBXBuildFile; fileRef = BEEE13562ABE1247000F4068 /* FEED_WITH_ERROR_MESSAGE_light.png */; };
		BEEE135F2ABE1247000F4068 /* EMPTY_FEED_dark.png in Resources */ = {isa = PBXBuildFile; fileRef = BEEE13572ABE1247000F4068 /* EMPTY_FEED_dark.png */; };
/* End PBXBuildFile section */

/* Begin PBXContainerItemProxy section */
		BE97FC9C2AB8915700292A64 /* PBXContainerItemProxy */ = {
			isa = PBXContainerItemProxy;
			containerPortal = BE97FC7D2AB8915500292A64 /* Project object */;
			proxyType = 1;
			remoteGlobalIDString = BE97FC842AB8915500292A64;
			remoteInfo = EssentialApp;
		};
/* End PBXContainerItemProxy section */

/* Begin PBXCopyFilesBuildPhase section */
		BE97FD412AB8A12E00292A64 /* Embed Frameworks */ = {
			isa = PBXCopyFilesBuildPhase;
			buildActionMask = 2147483647;
			dstPath = "";
			dstSubfolderSpec = 10;
			files = (
				BE97FD3E2AB8A12E00292A64 /* EssentialFeed.framework in Embed Frameworks */,
				BE97FD402AB8A12E00292A64 /* EssentialFeediOS.framework in Embed Frameworks */,
			);
			name = "Embed Frameworks";
			runOnlyForDeploymentPostprocessing = 0;
		};
/* End PBXCopyFilesBuildPhase section */

/* Begin PBXFileReference section */
		BE2505752ABB42BE003DB00E /* FeedLoaderCacheDecoratorTests.swift */ = {isa = PBXFileReference; lastKnownFileType = sourcecode.swift; path = FeedLoaderCacheDecoratorTests.swift; sourceTree = "<group>"; };
		BE2505782ABB43CD003DB00E /* XCTestCase+FeedLoader.swift */ = {isa = PBXFileReference; lastKnownFileType = sourcecode.swift; path = "XCTestCase+FeedLoader.swift"; sourceTree = "<group>"; };
		BE25057C2ABB477B003DB00E /* FeedLoaderCacheDecorator.swift */ = {isa = PBXFileReference; lastKnownFileType = sourcecode.swift; path = FeedLoaderCacheDecorator.swift; sourceTree = "<group>"; };
		BE25057E2ABB4842003DB00E /* FeedImageLoaderCacheDecoratorTests.swift */ = {isa = PBXFileReference; lastKnownFileType = sourcecode.swift; path = FeedImageLoaderCacheDecoratorTests.swift; sourceTree = "<group>"; };
		BE2505802ABB4929003DB00E /* XCTestCase+FeedImageDataLoader.swift */ = {isa = PBXFileReference; lastKnownFileType = sourcecode.swift; path = "XCTestCase+FeedImageDataLoader.swift"; sourceTree = "<group>"; };
		BE2505842ABB4B5D003DB00E /* FeedImageDataLoaderCacheDecorator.swift */ = {isa = PBXFileReference; lastKnownFileType = sourcecode.swift; path = FeedImageDataLoaderCacheDecorator.swift; sourceTree = "<group>"; };
		BE97FC852AB8915500292A64 /* EssentialApp.app */ = {isa = PBXFileReference; explicitFileType = wrapper.application; includeInIndex = 0; path = EssentialApp.app; sourceTree = BUILT_PRODUCTS_DIR; };
		BE97FC882AB8915500292A64 /* AppDelegate.swift */ = {isa = PBXFileReference; lastKnownFileType = sourcecode.swift; path = AppDelegate.swift; sourceTree = "<group>"; };
		BE97FC8A2AB8915500292A64 /* SceneDelegate.swift */ = {isa = PBXFileReference; lastKnownFileType = sourcecode.swift; path = SceneDelegate.swift; sourceTree = "<group>"; };
		BE97FC912AB8915600292A64 /* Assets.xcassets */ = {isa = PBXFileReference; lastKnownFileType = folder.assetcatalog; path = Assets.xcassets; sourceTree = "<group>"; };
		BE97FC942AB8915600292A64 /* Base */ = {isa = PBXFileReference; lastKnownFileType = file.storyboard; name = Base; path = Base.lproj/LaunchScreen.storyboard; sourceTree = "<group>"; };
		BE97FC962AB8915600292A64 /* Info.plist */ = {isa = PBXFileReference; lastKnownFileType = text.plist.xml; path = Info.plist; sourceTree = "<group>"; };
		BE97FC9B2AB8915700292A64 /* EssentialAppTests.xctest */ = {isa = PBXFileReference; explicitFileType = wrapper.cfbundle; includeInIndex = 0; path = EssentialAppTests.xctest; sourceTree = BUILT_PRODUCTS_DIR; };
		BE97FC9F2AB8915700292A64 /* FeedLoaderWithFallbackCompositeTests.swift */ = {isa = PBXFileReference; lastKnownFileType = sourcecode.swift; path = FeedLoaderWithFallbackCompositeTests.swift; sourceTree = "<group>"; };
		BE97FD3B2AB8A12E00292A64 /* EssentialFeed.framework */ = {isa = PBXFileReference; explicitFileType = wrapper.framework; path = EssentialFeed.framework; sourceTree = BUILT_PRODUCTS_DIR; };
		BE97FD3C2AB8A12E00292A64 /* EssentialFeediOS.framework */ = {isa = PBXFileReference; explicitFileType = wrapper.framework; path = EssentialFeediOS.framework; sourceTree = BUILT_PRODUCTS_DIR; };
		BE97FD422AB8B0A600292A64 /* FeedLoaderWithFallbackComposite.swift */ = {isa = PBXFileReference; lastKnownFileType = sourcecode.swift; path = FeedLoaderWithFallbackComposite.swift; sourceTree = "<group>"; };
		BE97FD442AB8B15200292A64 /* FeedImageDataLoaderWithFallbackCompositeTests.swift */ = {isa = PBXFileReference; lastKnownFileType = sourcecode.swift; path = FeedImageDataLoaderWithFallbackCompositeTests.swift; sourceTree = "<group>"; };
		BE97FD462AB8B68200292A64 /* FeedImageDataLoaderWithFallbackComposite.swift */ = {isa = PBXFileReference; lastKnownFileType = sourcecode.swift; path = FeedImageDataLoaderWithFallbackComposite.swift; sourceTree = "<group>"; };
		BEE999442ABDDD530052B8CD /* SceneDelegateTests.swift */ = {isa = PBXFileReference; lastKnownFileType = sourcecode.swift; path = SceneDelegateTests.swift; sourceTree = "<group>"; };
		BEE9994C2ABDDE810052B8CD /* MainQueueDispatchDecorator.swift */ = {isa = PBXFileReference; lastKnownFileType = sourcecode.swift; path = MainQueueDispatchDecorator.swift; sourceTree = "<group>"; };
		BEE9994D2ABDDE810052B8CD /* FeedUIComposer.swift */ = {isa = PBXFileReference; lastKnownFileType = sourcecode.swift; path = FeedUIComposer.swift; sourceTree = "<group>"; };
		BEE999512ABDE0670052B8CD /* FeedUIIntegrationTests.swift */ = {isa = PBXFileReference; lastKnownFileType = sourcecode.swift; path = FeedUIIntegrationTests.swift; sourceTree = "<group>"; };
		BEE999532ABDE06B0052B8CD /* FeedViewControllerTests+Localized.swift */ = {isa = PBXFileReference; lastKnownFileType = sourcecode.swift; path = "FeedViewControllerTests+Localized.swift"; sourceTree = "<group>"; };
		BEE999552ABDE2E70052B8CD /* FeedAcceptanceTests.swift */ = {isa = PBXFileReference; lastKnownFileType = sourcecode.swift; path = FeedAcceptanceTests.swift; sourceTree = "<group>"; };
		BEE999572ABDE3930052B8CD /* FeedViewController+Helpers.swift */ = {isa = PBXFileReference; lastKnownFileType = sourcecode.swift; path = "FeedViewController+Helpers.swift"; sourceTree = "<group>"; };
		BEE999592ABDEACA0052B8CD /* FeedSnapshotTests.swift */ = {isa = PBXFileReference; lastKnownFileType = sourcecode.swift; path = FeedSnapshotTests.swift; sourceTree = "<group>"; };
		BEEE13502ABE1247000F4068 /* FEED_WITH_ERROR_MESSAGE_dark.png */ = {isa = PBXFileReference; lastKnownFileType = image.png; path = FEED_WITH_ERROR_MESSAGE_dark.png; sourceTree = "<group>"; };
		BEEE13512ABE1247000F4068 /* FEED_WITH_FAILED_IMAGE_LOADING_dark.png */ = {isa = PBXFileReference; lastKnownFileType = image.png; path = FEED_WITH_FAILED_IMAGE_LOADING_dark.png; sourceTree = "<group>"; };
		BEEE13522ABE1247000F4068 /* FEED_WITH_CONTENT_dark.png */ = {isa = PBXFileReference; lastKnownFileType = image.png; path = FEED_WITH_CONTENT_dark.png; sourceTree = "<group>"; };
		BEEE13532ABE1247000F4068 /* EMPTY_FEED_light.png */ = {isa = PBXFileReference; lastKnownFileType = image.png; path = EMPTY_FEED_light.png; sourceTree = "<group>"; };
		BEEE13542ABE1247000F4068 /* FEED_WITH_CONTENT_light.png */ = {isa = PBXFileReference; lastKnownFileType = image.png; path = FEED_WITH_CONTENT_light.png; sourceTree = "<group>"; };
		BEEE13552ABE1247000F4068 /* FEED_WITH_FAILED_IMAGE_LOADING_light.png */ = {isa = PBXFileReference; lastKnownFileType = image.png; path = FEED_WITH_FAILED_IMAGE_LOADING_light.png; sourceTree = "<group>"; };
		BEEE13562ABE1247000F4068 /* FEED_WITH_ERROR_MESSAGE_light.png */ = {isa = PBXFileReference; lastKnownFileType = image.png; path = FEED_WITH_ERROR_MESSAGE_light.png; sourceTree = "<group>"; };
		BEEE13572ABE1247000F4068 /* EMPTY_FEED_dark.png */ = {isa = PBXFileReference; lastKnownFileType = image.png; path = EMPTY_FEED_dark.png; sourceTree = "<group>"; };
/* End PBXFileReference section */

/* Begin PBXFrameworksBuildPhase section */
		BE97FC822AB8915500292A64 /* Frameworks */ = {
			isa = PBXFrameworksBuildPhase;
			buildActionMask = 2147483647;
			files = (
				BE97FD3D2AB8A12E00292A64 /* EssentialFeed.framework in Frameworks */,
				BE97FD3F2AB8A12E00292A64 /* EssentialFeediOS.framework in Frameworks */,
			);
			runOnlyForDeploymentPostprocessing = 0;
		};
		BE97FC982AB8915700292A64 /* Frameworks */ = {
			isa = PBXFrameworksBuildPhase;
			buildActionMask = 2147483647;
			files = (
			);
			runOnlyForDeploymentPostprocessing = 0;
		};
/* End PBXFrameworksBuildPhase section */

/* Begin PBXGroup section */
		BE2505772ABB43B5003DB00E /* Helpers */ = {
			isa = PBXGroup;
			children = (
				BE2505782ABB43CD003DB00E /* XCTestCase+FeedLoader.swift */,
				BEE999532ABDE06B0052B8CD /* FeedViewControllerTests+Localized.swift */,
				BE2505802ABB4929003DB00E /* XCTestCase+FeedImageDataLoader.swift */,
				BEE999572ABDE3930052B8CD /* FeedViewController+Helpers.swift */,
			);
			path = Helpers;
			sourceTree = "<group>";
		};
		BE97FC7C2AB8915500292A64 = {
			isa = PBXGroup;
			children = (
				BE97FC872AB8915500292A64 /* EssentialApp */,
				BE97FC9E2AB8915700292A64 /* EssentialAppTests */,
				BE97FC862AB8915500292A64 /* Products */,
				BE97FD3A2AB8A12E00292A64 /* Frameworks */,
			);
			sourceTree = "<group>";
		};
		BE97FC862AB8915500292A64 /* Products */ = {
			isa = PBXGroup;
			children = (
				BE97FC852AB8915500292A64 /* EssentialApp.app */,
				BE97FC9B2AB8915700292A64 /* EssentialAppTests.xctest */,
			);
			name = Products;
			sourceTree = "<group>";
		};
		BE97FC872AB8915500292A64 /* EssentialApp */ = {
			isa = PBXGroup;
			children = (
				BE97FC882AB8915500292A64 /* AppDelegate.swift */,
				BE97FC8A2AB8915500292A64 /* SceneDelegate.swift */,
				BE97FC912AB8915600292A64 /* Assets.xcassets */,
				BE97FC932AB8915600292A64 /* LaunchScreen.storyboard */,
				BE97FC962AB8915600292A64 /* Info.plist */,
				BEE9994D2ABDDE810052B8CD /* FeedUIComposer.swift */,
				BEE9994C2ABDDE810052B8CD /* MainQueueDispatchDecorator.swift */,
				BE97FD422AB8B0A600292A64 /* FeedLoaderWithFallbackComposite.swift */,
				BE97FD462AB8B68200292A64 /* FeedImageDataLoaderWithFallbackComposite.swift */,
				BE25057C2ABB477B003DB00E /* FeedLoaderCacheDecorator.swift */,
				BE2505842ABB4B5D003DB00E /* FeedImageDataLoaderCacheDecorator.swift */,
			);
			path = EssentialApp;
			sourceTree = "<group>";
		};
		BE97FC9E2AB8915700292A64 /* EssentialAppTests */ = {
			isa = PBXGroup;
			children = (
				BEEE134F2ABE1247000F4068 /* snapshots */,
				BE2505772ABB43B5003DB00E /* Helpers */,
				BE97FC9F2AB8915700292A64 /* FeedLoaderWithFallbackCompositeTests.swift */,
				BE97FD442AB8B15200292A64 /* FeedImageDataLoaderWithFallbackCompositeTests.swift */,
				BE2505752ABB42BE003DB00E /* FeedLoaderCacheDecoratorTests.swift */,
				BE25057E2ABB4842003DB00E /* FeedImageLoaderCacheDecoratorTests.swift */,
				BEE999442ABDDD530052B8CD /* SceneDelegateTests.swift */,
				BEE999512ABDE0670052B8CD /* FeedUIIntegrationTests.swift */,
				BEE999552ABDE2E70052B8CD /* FeedAcceptanceTests.swift */,
				BEE999592ABDEACA0052B8CD /* FeedSnapshotTests.swift */,
			);
			path = EssentialAppTests;
			sourceTree = "<group>";
		};
		BE97FD3A2AB8A12E00292A64 /* Frameworks */ = {
			isa = PBXGroup;
			children = (
				BE97FD3B2AB8A12E00292A64 /* EssentialFeed.framework */,
				BE97FD3C2AB8A12E00292A64 /* EssentialFeediOS.framework */,
			);
			name = Frameworks;
			sourceTree = "<group>";
		};
		BEEE134F2ABE1247000F4068 /* snapshots */ = {
			isa = PBXGroup;
			children = (
				BEEE13572ABE1247000F4068 /* EMPTY_FEED_dark.png */,
				BEEE13532ABE1247000F4068 /* EMPTY_FEED_light.png */,
				BEEE13522ABE1247000F4068 /* FEED_WITH_CONTENT_dark.png */,
				BEEE13542ABE1247000F4068 /* FEED_WITH_CONTENT_light.png */,
				BEEE13502ABE1247000F4068 /* FEED_WITH_ERROR_MESSAGE_dark.png */,
				BEEE13562ABE1247000F4068 /* FEED_WITH_ERROR_MESSAGE_light.png */,
				BEEE13512ABE1247000F4068 /* FEED_WITH_FAILED_IMAGE_LOADING_dark.png */,
				BEEE13552ABE1247000F4068 /* FEED_WITH_FAILED_IMAGE_LOADING_light.png */,
			);
			path = snapshots;
			sourceTree = "<group>";
		};
/* End PBXGroup section */

/* Begin PBXNativeTarget section */
		BE97FC842AB8915500292A64 /* EssentialApp */ = {
			isa = PBXNativeTarget;
			buildConfigurationList = BE97FCAF2AB8915700292A64 /* Build configuration list for PBXNativeTarget "EssentialApp" */;
			buildPhases = (
				BE97FC812AB8915500292A64 /* Sources */,
				BE97FC822AB8915500292A64 /* Frameworks */,
				BE97FC832AB8915500292A64 /* Resources */,
				BE97FD412AB8A12E00292A64 /* Embed Frameworks */,
			);
			buildRules = (
			);
			dependencies = (
			);
			name = EssentialApp;
			productName = EssentialApp;
			productReference = BE97FC852AB8915500292A64 /* EssentialApp.app */;
			productType = "com.apple.product-type.application";
		};
		BE97FC9A2AB8915700292A64 /* EssentialAppTests */ = {
			isa = PBXNativeTarget;
			buildConfigurationList = BE97FCB22AB8915700292A64 /* Build configuration list for PBXNativeTarget "EssentialAppTests" */;
			buildPhases = (
				BE97FC972AB8915700292A64 /* Sources */,
				BE97FC982AB8915700292A64 /* Frameworks */,
				BE97FC992AB8915700292A64 /* Resources */,
			);
			buildRules = (
			);
			dependencies = (
				BE97FC9D2AB8915700292A64 /* PBXTargetDependency */,
			);
			name = EssentialAppTests;
			productName = EssentialAppTests;
			productReference = BE97FC9B2AB8915700292A64 /* EssentialAppTests.xctest */;
			productType = "com.apple.product-type.bundle.unit-test";
		};
/* End PBXNativeTarget section */

/* Begin PBXProject section */
		BE97FC7D2AB8915500292A64 /* Project object */ = {
			isa = PBXProject;
			attributes = {
				BuildIndependentTargetsInParallel = 1;
				LastSwiftUpdateCheck = 1430;
				LastUpgradeCheck = 1430;
				TargetAttributes = {
					BE97FC842AB8915500292A64 = {
						CreatedOnToolsVersion = 14.3.1;
					};
					BE97FC9A2AB8915700292A64 = {
						CreatedOnToolsVersion = 14.3.1;
						TestTargetID = BE97FC842AB8915500292A64;
					};
				};
			};
			buildConfigurationList = BE97FC802AB8915500292A64 /* Build configuration list for PBXProject "EssentialApp" */;
			compatibilityVersion = "Xcode 14.0";
			developmentRegion = en;
			hasScannedForEncodings = 0;
			knownRegions = (
				en,
				Base,
			);
			mainGroup = BE97FC7C2AB8915500292A64;
			productRefGroup = BE97FC862AB8915500292A64 /* Products */;
			projectDirPath = "";
			projectRoot = "";
			targets = (
				BE97FC842AB8915500292A64 /* EssentialApp */,
				BE97FC9A2AB8915700292A64 /* EssentialAppTests */,
			);
		};
/* End PBXProject section */

/* Begin PBXResourcesBuildPhase section */
		BE97FC832AB8915500292A64 /* Resources */ = {
			isa = PBXResourcesBuildPhase;
			buildActionMask = 2147483647;
			files = (
				BE97FC952AB8915600292A64 /* LaunchScreen.storyboard in Resources */,
				BE97FC922AB8915600292A64 /* Assets.xcassets in Resources */,
			);
			runOnlyForDeploymentPostprocessing = 0;
		};
		BE97FC992AB8915700292A64 /* Resources */ = {
			isa = PBXResourcesBuildPhase;
			buildActionMask = 2147483647;
			files = (
				BEEE135D2ABE1247000F4068 /* FEED_WITH_FAILED_IMAGE_LOADING_light.png in Resources */,
				BEEE135F2ABE1247000F4068 /* EMPTY_FEED_dark.png in Resources */,
				BEEE135B2ABE1247000F4068 /* EMPTY_FEED_light.png in Resources */,
				BEEE13582ABE1247000F4068 /* FEED_WITH_ERROR_MESSAGE_dark.png in Resources */,
				BEEE135A2ABE1247000F4068 /* FEED_WITH_CONTENT_dark.png in Resources */,
				BEEE135C2ABE1247000F4068 /* FEED_WITH_CONTENT_light.png in Resources */,
				BEEE135E2ABE1247000F4068 /* FEED_WITH_ERROR_MESSAGE_light.png in Resources */,
				BEEE13592ABE1247000F4068 /* FEED_WITH_FAILED_IMAGE_LOADING_dark.png in Resources */,
			);
			runOnlyForDeploymentPostprocessing = 0;
		};
/* End PBXResourcesBuildPhase section */

/* Begin PBXSourcesBuildPhase section */
		BE97FC812AB8915500292A64 /* Sources */ = {
			isa = PBXSourcesBuildPhase;
			buildActionMask = 2147483647;
			files = (
				BEE9994E2ABDDE810052B8CD /* MainQueueDispatchDecorator.swift in Sources */,
				BEE9994F2ABDDE810052B8CD /* FeedUIComposer.swift in Sources */,
				BE97FD472AB8B68200292A64 /* FeedImageDataLoaderWithFallbackComposite.swift in Sources */,
				BE97FC892AB8915500292A64 /* AppDelegate.swift in Sources */,
				BE97FD432AB8B0A600292A64 /* FeedLoaderWithFallbackComposite.swift in Sources */,
				BE25057D2ABB477B003DB00E /* FeedLoaderCacheDecorator.swift in Sources */,
				BE97FC8B2AB8915500292A64 /* SceneDelegate.swift in Sources */,
				BE2505852ABB4B5D003DB00E /* FeedImageDataLoaderCacheDecorator.swift in Sources */,
			);
			runOnlyForDeploymentPostprocessing = 0;
		};
		BE97FC972AB8915700292A64 /* Sources */ = {
			isa = PBXSourcesBuildPhase;
			buildActionMask = 2147483647;
			files = (
				BEE999542ABDE06B0052B8CD /* FeedViewControllerTests+Localized.swift in Sources */,
				BEE9995B2ABDEACD0052B8CD /* FeedSnapshotTests.swift in Sources */,
				BEE999522ABDE0670052B8CD /* FeedUIIntegrationTests.swift in Sources */,
				BEE999562ABDE2E70052B8CD /* FeedAcceptanceTests.swift in Sources */,
				BE97FD452AB8B15200292A64 /* FeedImageDataLoaderWithFallbackCompositeTests.swift in Sources */,
				BE25057F2ABB4842003DB00E /* FeedImageLoaderCacheDecoratorTests.swift in Sources */,
				BEE999452ABDDD530052B8CD /* SceneDelegateTests.swift in Sources */,
				BE97FCA02AB8915700292A64 /* FeedLoaderWithFallbackCompositeTests.swift in Sources */,
				BE2505762ABB42BE003DB00E /* FeedLoaderCacheDecoratorTests.swift in Sources */,
				BE2505792ABB43CD003DB00E /* XCTestCase+FeedLoader.swift in Sources */,
				BEE999582ABDE3930052B8CD /* FeedViewController+Helpers.swift in Sources */,
				BE2505812ABB4929003DB00E /* XCTestCase+FeedImageDataLoader.swift in Sources */,
			);
			runOnlyForDeploymentPostprocessing = 0;
		};
/* End PBXSourcesBuildPhase section */

/* Begin PBXTargetDependency section */
		BE97FC9D2AB8915700292A64 /* PBXTargetDependency */ = {
			isa = PBXTargetDependency;
			target = BE97FC842AB8915500292A64 /* EssentialApp */;
			targetProxy = BE97FC9C2AB8915700292A64 /* PBXContainerItemProxy */;
		};
/* End PBXTargetDependency section */

/* Begin PBXVariantGroup section */
		BE97FC932AB8915600292A64 /* LaunchScreen.storyboard */ = {
			isa = PBXVariantGroup;
			children = (
				BE97FC942AB8915600292A64 /* Base */,
			);
			name = LaunchScreen.storyboard;
			sourceTree = "<group>";
		};
/* End PBXVariantGroup section */

/* Begin XCBuildConfiguration section */
		BE97FCAD2AB8915700292A64 /* Debug */ = {
			isa = XCBuildConfiguration;
			buildSettings = {
				ALWAYS_SEARCH_USER_PATHS = NO;
				CLANG_ANALYZER_NONNULL = YES;
				CLANG_ANALYZER_NUMBER_OBJECT_CONVERSION = YES_AGGRESSIVE;
				CLANG_CXX_LANGUAGE_STANDARD = "gnu++20";
				CLANG_ENABLE_MODULES = YES;
				CLANG_ENABLE_OBJC_ARC = YES;
				CLANG_ENABLE_OBJC_WEAK = YES;
				CLANG_WARN_BLOCK_CAPTURE_AUTORELEASING = YES;
				CLANG_WARN_BOOL_CONVERSION = YES;
				CLANG_WARN_COMMA = YES;
				CLANG_WARN_CONSTANT_CONVERSION = YES;
				CLANG_WARN_DEPRECATED_OBJC_IMPLEMENTATIONS = YES;
				CLANG_WARN_DIRECT_OBJC_ISA_USAGE = YES_ERROR;
				CLANG_WARN_DOCUMENTATION_COMMENTS = YES;
				CLANG_WARN_EMPTY_BODY = YES;
				CLANG_WARN_ENUM_CONVERSION = YES;
				CLANG_WARN_INFINITE_RECURSION = YES;
				CLANG_WARN_INT_CONVERSION = YES;
				CLANG_WARN_NON_LITERAL_NULL_CONVERSION = YES;
				CLANG_WARN_OBJC_IMPLICIT_RETAIN_SELF = YES;
				CLANG_WARN_OBJC_LITERAL_CONVERSION = YES;
				CLANG_WARN_OBJC_ROOT_CLASS = YES_ERROR;
				CLANG_WARN_QUOTED_INCLUDE_IN_FRAMEWORK_HEADER = YES;
				CLANG_WARN_RANGE_LOOP_ANALYSIS = YES;
				CLANG_WARN_STRICT_PROTOTYPES = YES;
				CLANG_WARN_SUSPICIOUS_MOVE = YES;
				CLANG_WARN_UNGUARDED_AVAILABILITY = YES_AGGRESSIVE;
				CLANG_WARN_UNREACHABLE_CODE = YES;
				CLANG_WARN__DUPLICATE_METHOD_MATCH = YES;
				COPY_PHASE_STRIP = NO;
				DEBUG_INFORMATION_FORMAT = dwarf;
				ENABLE_STRICT_OBJC_MSGSEND = YES;
				ENABLE_TESTABILITY = YES;
				GCC_C_LANGUAGE_STANDARD = gnu11;
				GCC_DYNAMIC_NO_PIC = NO;
				GCC_NO_COMMON_BLOCKS = YES;
				GCC_OPTIMIZATION_LEVEL = 0;
				GCC_PREPROCESSOR_DEFINITIONS = (
					"DEBUG=1",
					"$(inherited)",
				);
				GCC_WARN_64_TO_32_BIT_CONVERSION = YES;
				GCC_WARN_ABOUT_RETURN_TYPE = YES_ERROR;
				GCC_WARN_UNDECLARED_SELECTOR = YES;
				GCC_WARN_UNINITIALIZED_AUTOS = YES_AGGRESSIVE;
				GCC_WARN_UNUSED_FUNCTION = YES;
				GCC_WARN_UNUSED_VARIABLE = YES;
				IPHONEOS_DEPLOYMENT_TARGET = 14.0;
				MTL_ENABLE_DEBUG_INFO = INCLUDE_SOURCE;
				MTL_FAST_MATH = YES;
				ONLY_ACTIVE_ARCH = YES;
				SDKROOT = iphoneos;
				SWIFT_ACTIVE_COMPILATION_CONDITIONS = DEBUG;
				SWIFT_OPTIMIZATION_LEVEL = "-Onone";
			};
			name = Debug;
		};
		BE97FCAE2AB8915700292A64 /* Release */ = {
			isa = XCBuildConfiguration;
			buildSettings = {
				ALWAYS_SEARCH_USER_PATHS = NO;
				CLANG_ANALYZER_NONNULL = YES;
				CLANG_ANALYZER_NUMBER_OBJECT_CONVERSION = YES_AGGRESSIVE;
				CLANG_CXX_LANGUAGE_STANDARD = "gnu++20";
				CLANG_ENABLE_MODULES = YES;
				CLANG_ENABLE_OBJC_ARC = YES;
				CLANG_ENABLE_OBJC_WEAK = YES;
				CLANG_WARN_BLOCK_CAPTURE_AUTORELEASING = YES;
				CLANG_WARN_BOOL_CONVERSION = YES;
				CLANG_WARN_COMMA = YES;
				CLANG_WARN_CONSTANT_CONVERSION = YES;
				CLANG_WARN_DEPRECATED_OBJC_IMPLEMENTATIONS = YES;
				CLANG_WARN_DIRECT_OBJC_ISA_USAGE = YES_ERROR;
				CLANG_WARN_DOCUMENTATION_COMMENTS = YES;
				CLANG_WARN_EMPTY_BODY = YES;
				CLANG_WARN_ENUM_CONVERSION = YES;
				CLANG_WARN_INFINITE_RECURSION = YES;
				CLANG_WARN_INT_CONVERSION = YES;
				CLANG_WARN_NON_LITERAL_NULL_CONVERSION = YES;
				CLANG_WARN_OBJC_IMPLICIT_RETAIN_SELF = YES;
				CLANG_WARN_OBJC_LITERAL_CONVERSION = YES;
				CLANG_WARN_OBJC_ROOT_CLASS = YES_ERROR;
				CLANG_WARN_QUOTED_INCLUDE_IN_FRAMEWORK_HEADER = YES;
				CLANG_WARN_RANGE_LOOP_ANALYSIS = YES;
				CLANG_WARN_STRICT_PROTOTYPES = YES;
				CLANG_WARN_SUSPICIOUS_MOVE = YES;
				CLANG_WARN_UNGUARDED_AVAILABILITY = YES_AGGRESSIVE;
				CLANG_WARN_UNREACHABLE_CODE = YES;
				CLANG_WARN__DUPLICATE_METHOD_MATCH = YES;
				COPY_PHASE_STRIP = NO;
				DEBUG_INFORMATION_FORMAT = "dwarf-with-dsym";
				ENABLE_NS_ASSERTIONS = NO;
				ENABLE_STRICT_OBJC_MSGSEND = YES;
				GCC_C_LANGUAGE_STANDARD = gnu11;
				GCC_NO_COMMON_BLOCKS = YES;
				GCC_WARN_64_TO_32_BIT_CONVERSION = YES;
				GCC_WARN_ABOUT_RETURN_TYPE = YES_ERROR;
				GCC_WARN_UNDECLARED_SELECTOR = YES;
				GCC_WARN_UNINITIALIZED_AUTOS = YES_AGGRESSIVE;
				GCC_WARN_UNUSED_FUNCTION = YES;
				GCC_WARN_UNUSED_VARIABLE = YES;
				IPHONEOS_DEPLOYMENT_TARGET = 14.0;
				MTL_ENABLE_DEBUG_INFO = NO;
				MTL_FAST_MATH = YES;
				SDKROOT = iphoneos;
				SWIFT_COMPILATION_MODE = wholemodule;
				SWIFT_OPTIMIZATION_LEVEL = "-O";
				VALIDATE_PRODUCT = YES;
			};
			name = Release;
		};
		BE97FCB02AB8915700292A64 /* Debug */ = {
			isa = XCBuildConfiguration;
			buildSettings = {
				ASSETCATALOG_COMPILER_APPICON_NAME = AppIcon;
				ASSETCATALOG_COMPILER_GLOBAL_ACCENT_COLOR_NAME = AccentColor;
				CODE_SIGN_STYLE = Automatic;
				CURRENT_PROJECT_VERSION = 1;
				GENERATE_INFOPLIST_FILE = YES;
				INFOPLIST_FILE = EssentialApp/Info.plist;
				INFOPLIST_KEY_UIApplicationSupportsIndirectInputEvents = YES;
				INFOPLIST_KEY_UILaunchStoryboardName = LaunchScreen;
				INFOPLIST_KEY_UISupportedInterfaceOrientations = UIInterfaceOrientationPortrait;
				INFOPLIST_KEY_UISupportedInterfaceOrientations_iPad = "UIInterfaceOrientationPortrait UIInterfaceOrientationPortraitUpsideDown";
				IPHONEOS_DEPLOYMENT_TARGET = 14.0;
				LD_RUNPATH_SEARCH_PATHS = (
					"$(inherited)",
					"@executable_path/Frameworks",
				);
				MARKETING_VERSION = 1.0;
				PRODUCT_BUNDLE_IDENTIFIER = de.test.EssentialApp;
				PRODUCT_NAME = "$(TARGET_NAME)";
				SWIFT_EMIT_LOC_STRINGS = YES;
				SWIFT_VERSION = 5.0;
				TARGETED_DEVICE_FAMILY = "1,2";
			};
			name = Debug;
		};
		BE97FCB12AB8915700292A64 /* Release */ = {
			isa = XCBuildConfiguration;
			buildSettings = {
				ASSETCATALOG_COMPILER_APPICON_NAME = AppIcon;
				ASSETCATALOG_COMPILER_GLOBAL_ACCENT_COLOR_NAME = AccentColor;
				CODE_SIGN_STYLE = Automatic;
				CURRENT_PROJECT_VERSION = 1;
				GENERATE_INFOPLIST_FILE = YES;
				INFOPLIST_FILE = EssentialApp/Info.plist;
				INFOPLIST_KEY_UIApplicationSupportsIndirectInputEvents = YES;
				INFOPLIST_KEY_UILaunchStoryboardName = LaunchScreen;
				INFOPLIST_KEY_UISupportedInterfaceOrientations = UIInterfaceOrientationPortrait;
				INFOPLIST_KEY_UISupportedInterfaceOrientations_iPad = "UIInterfaceOrientationPortrait UIInterfaceOrientationPortraitUpsideDown";
				IPHONEOS_DEPLOYMENT_TARGET = 14.0;
				LD_RUNPATH_SEARCH_PATHS = (
					"$(inherited)",
					"@executable_path/Frameworks",
				);
				MARKETING_VERSION = 1.0;
				PRODUCT_BUNDLE_IDENTIFIER = de.test.EssentialApp;
				PRODUCT_NAME = "$(TARGET_NAME)";
				SWIFT_EMIT_LOC_STRINGS = YES;
				SWIFT_VERSION = 5.0;
				TARGETED_DEVICE_FAMILY = "1,2";
			};
			name = Release;
		};
		BE97FCB32AB8915700292A64 /* Debug */ = {
			isa = XCBuildConfiguration;
			buildSettings = {
				ALWAYS_EMBED_SWIFT_STANDARD_LIBRARIES = YES;
				BUNDLE_LOADER = "$(TEST_HOST)";
				CODE_SIGN_STYLE = Automatic;
				CURRENT_PROJECT_VERSION = 1;
				GENERATE_INFOPLIST_FILE = YES;
				IPHONEOS_DEPLOYMENT_TARGET = 14.0;
				MARKETING_VERSION = 1.0;
				PRODUCT_BUNDLE_IDENTIFIER = de.test.EssentialAppTests;
				PRODUCT_NAME = "$(TARGET_NAME)";
				SWIFT_EMIT_LOC_STRINGS = NO;
				SWIFT_VERSION = 5.0;
				TARGETED_DEVICE_FAMILY = "1,2";
				TEST_HOST = "$(BUILT_PRODUCTS_DIR)/EssentialApp.app/$(BUNDLE_EXECUTABLE_FOLDER_PATH)/EssentialApp";
			};
			name = Debug;
		};
		BE97FCB42AB8915700292A64 /* Release */ = {
			isa = XCBuildConfiguration;
			buildSettings = {
				ALWAYS_EMBED_SWIFT_STANDARD_LIBRARIES = YES;
				BUNDLE_LOADER = "$(TEST_HOST)";
				CODE_SIGN_STYLE = Automatic;
				CURRENT_PROJECT_VERSION = 1;
				GENERATE_INFOPLIST_FILE = YES;
				IPHONEOS_DEPLOYMENT_TARGET = 14.0;
				MARKETING_VERSION = 1.0;
				PRODUCT_BUNDLE_IDENTIFIER = de.test.EssentialAppTests;
				PRODUCT_NAME = "$(TARGET_NAME)";
				SWIFT_EMIT_LOC_STRINGS = NO;
				SWIFT_VERSION = 5.0;
				TARGETED_DEVICE_FAMILY = "1,2";
				TEST_HOST = "$(BUILT_PRODUCTS_DIR)/EssentialApp.app/$(BUNDLE_EXECUTABLE_FOLDER_PATH)/EssentialApp";
			};
			name = Release;
		};
/* End XCBuildConfiguration section */

/* Begin XCConfigurationList section */
		BE97FC802AB8915500292A64 /* Build configuration list for PBXProject "EssentialApp" */ = {
			isa = XCConfigurationList;
			buildConfigurations = (
				BE97FCAD2AB8915700292A64 /* Debug */,
				BE97FCAE2AB8915700292A64 /* Release */,
			);
			defaultConfigurationIsVisible = 0;
			defaultConfigurationName = Release;
		};
		BE97FCAF2AB8915700292A64 /* Build configuration list for PBXNativeTarget "EssentialApp" */ = {
			isa = XCConfigurationList;
			buildConfigurations = (
				BE97FCB02AB8915700292A64 /* Debug */,
				BE97FCB12AB8915700292A64 /* Release */,
			);
			defaultConfigurationIsVisible = 0;
			defaultConfigurationName = Release;
		};
		BE97FCB22AB8915700292A64 /* Build configuration list for PBXNativeTarget "EssentialAppTests" */ = {
			isa = XCConfigurationList;
			buildConfigurations = (
				BE97FCB32AB8915700292A64 /* Debug */,
				BE97FCB42AB8915700292A64 /* Release */,
			);
			defaultConfigurationIsVisible = 0;
			defaultConfigurationName = Release;
		};
/* End XCConfigurationList section */
	};
	rootObject = BE97FC7D2AB8915500292A64 /* Project object */;
}
